
Microsoft Visual Studio Solution File, Format Version 12.00
# Visual Studio 15
VisualStudioVersion = 15.0.28307.757
MinimumVisualStudioVersion = 10.0.40219.1
Project("{FAE04EC0-301F-11D3-BF4B-00C04F79EFBC}") = "nunit", "nunit.csproj", "{C735497F-BD58-46D5-8510-90AFD8ED9ED4}"
EndProject
Global
	GlobalSection(SolutionConfigurationPlatforms) = preSolution
		Debug|Any CPU = Debug|Any CPU
		Release|Any CPU = Release|Any CPU
	EndGlobalSection
	GlobalSection(ProjectConfigurationPlatforms) = postSolution
		{C735497F-BD58-46D5-8510-90AFD8ED9ED4}.Debug|Any CPU.ActiveCfg = Debug|Any CPU
		{C735497F-BD58-46D5-8510-90AFD8ED9ED4}.Debug|Any CPU.Build.0 = Debug|Any CPU
		{C735497F-BD58-46D5-8510-90AFD8ED9ED4}.Release|Any CPU.ActiveCfg = Release|Any CPU
		{C735497F-BD58-46D5-8510-90AFD8ED9ED4}.Release|Any CPU.Build.0 = Release|Any CPU
	EndGlobalSection
	GlobalSection(SolutionProperties) = preSolution
		HideSolutionNode = FALSE
	EndGlobalSection
	GlobalSection(ExtensibilityGlobals) = postSolution
		SolutionGuid = {4DCD4697-61E4-4AA7-B99E-B1C96C502346}
	EndGlobalSection
EndGlobal
